Microsoft Visual Studio Solution File, Format Version 11.00
# Visual Studio 2008

Project("{66F5308E-711D-00E7-833F-DE6627FD4330}") = "hamartia", "Assembly-CSharp-firstpass.csproj", "{9235D582-7AEB-ADFD-76CE-1038E3F8298C}"
EndProject
Project("{66F5308E-711D-00E7-833F-DE6627FD4330}") = "hamartia", "Assembly-CSharp.csproj", "{6F9702B5-A824-4E1E-13F9-32019BF32729}"
EndProject
Project("{66F5308E-711D-00E7-833F-DE6627FD4330}") = "hamartia", "Assembly-UnityScript-firstpass.unityproj", "{3446BFD1-227E-450D-4B6B-74BE99AD0CE3}"
EndProject
Project("{66F5308E-711D-00E7-833F-DE6627FD4330}") = "hamartia", "Assembly-UnityScript.unityproj", "{0A86A59F-49D1-4764-6B90-D917789D27D2}"
EndProject
Global
	GlobalSection(SolutionConfigurationPlatforms) = preSolution
		Debug|Any CPU = Debug|Any CPU
		Release|Any CPU = Release|Any CPU
	EndGlobalSection
	GlobalSection(ProjectConfigurationPlatforms) = postSolution
		{9235D582-7AEB-ADFD-76CE-1038E3F8298C}.Debug|Any CPU.ActiveCfg = Debug|Any CPU
		{9235D582-7AEB-ADFD-76CE-1038E3F8298C}.Debug|Any CPU.Build.0 = Debug|Any CPU
		{9235D582-7AEB-ADFD-76CE-1038E3F8298C}.Release|Any CPU.ActiveCfg = Release|Any CPU
		{9235D582-7AEB-ADFD-76CE-1038E3F8298C}.Release|Any CPU.Build.0 = Release|Any CPU
		{6F9702B5-A824-4E1E-13F9-32019BF32729}.Debug|Any CPU.ActiveCfg = Debug|Any CPU
		{6F9702B5-A824-4E1E-13F9-32019BF32729}.Debug|Any CPU.Build.0 = Debug|Any CPU
		{6F9702B5-A824-4E1E-13F9-32019BF32729}.Release|Any CPU.ActiveCfg = Release|Any CPU
		{6F9702B5-A824-4E1E-13F9-32019BF32729}.Release|Any CPU.Build.0 = Release|Any CPU
		{3446BFD1-227E-450D-4B6B-74BE99AD0CE3}.Debug|Any CPU.ActiveCfg = Debug|Any CPU
		{3446BFD1-227E-450D-4B6B-74BE99AD0CE3}.Debug|Any CPU.Build.0 = Debug|Any CPU
		{3446BFD1-227E-450D-4B6B-74BE99AD0CE3}.Release|Any CPU.ActiveCfg = Release|Any CPU
		{3446BFD1-227E-450D-4B6B-74BE99AD0CE3}.Release|Any CPU.Build.0 = Release|Any CPU
		{0A86A59F-49D1-4764-6B90-D917789D27D2}.Debug|Any CPU.ActiveCfg = Debug|Any CPU
		{0A86A59F-49D1-4764-6B90-D917789D27D2}.Debug|Any CPU.Build.0 = Debug|Any CPU
		{0A86A59F-49D1-4764-6B90-D917789D27D2}.Release|Any CPU.ActiveCfg = Release|Any CPU
		{0A86A59F-49D1-4764-6B90-D917789D27D2}.Release|Any CPU.Build.0 = Release|Any CPU
	EndGlobalSection
	GlobalSection(SolutionProperties) = preSolution
		HideSolutionNode = FALSE
	EndGlobalSection
																																												GlobalSection(MonoDevelopProperties) = preSolution
		StartupItem = Assembly-CSharp.csproj
		Policies = $0
		$0.TextStylePolicy = $1
		$1.inheritsSet = null
		$1.scope = text/x-csharp
		$0.CSharpFormattingPolicy = $2
		$2.inheritsSet = Mono
		$2.inheritsScope = text/x-csharp
		$2.scope = text/x-csharp
		$0.TextStylePolicy = $3
		$3.FileWidth = 120
		$3.TabWidth = 4
		$3.EolMarker = Unix
		$3.inheritsSet = Mono
		$3.inheritsScope = text/plain
		$3.scope = text/plain
	EndGlobalSection

EndGlobal
